// !$*UTF8*$!
{
	archiveVersion = 1;
	classes = {
	};
	objectVersion = 56;
	objects = {

/* Begin PBXBuildFile section */
		0C09EA2B2A1AC16F0081F357 /* AppDelegate.swift in Sources */ = {isa = PBXBuildFile; fileRef = 0C09EA2A2A1AC16F0081F357 /* AppDelegate.swift */; };
		0C09EA2D2A1AC16F0081F357 /* SceneDelegate.swift in Sources */ = {isa = PBXBuildFile; fileRef = 0C09EA2C2A1AC16F0081F357 /* SceneDelegate.swift */; };
		0C09EA2F2A1AC16F0081F357 /* TesteViewController.swift in Sources */ = {isa = PBXBuildFile; fileRef = 0C09EA2E2A1AC16F0081F357 /* TesteViewController.swift */; };
		0C09EA342A1AC1700081F357 /* Assets.xcassets in Resources */ = {isa = PBXBuildFile; fileRef = 0C09EA332A1AC1700081F357 /* Assets.xcassets */; };
		0C09EA372A1AC1700081F357 /* LaunchScreen.storyboard in Resources */ = {isa = PBXBuildFile; fileRef = 0C09EA352A1AC1700081F357 /* LaunchScreen.storyboard */; };
		0C09EA412A1AC1BE0081F357 /* NetworkingInterface.swift in Sources */ = {isa = PBXBuildFile; fileRef = 0C09EA402A1AC1BE0081F357 /* NetworkingInterface.swift */; };
		0C09EA432A1AC34D0081F357 /* Networking.swift in Sources */ = {isa = PBXBuildFile; fileRef = 0C09EA422A1AC34D0081F357 /* Networking.swift */; };
		0C09EA462A1C2B940081F357 /* URLs.swift in Sources */ = {isa = PBXBuildFile; fileRef = 0C09EA452A1C2B940081F357 /* URLs.swift */; };
		0C09EA482A1C36440081F357 /* DigimonListWorker.swift in Sources */ = {isa = PBXBuildFile; fileRef = 0C09EA472A1C36440081F357 /* DigimonListWorker.swift */; };
		0C09EA4C2A1C3EC00081F357 /* Digimon.swift in Sources */ = {isa = PBXBuildFile; fileRef = 0C09EA4B2A1C3EC00081F357 /* Digimon.swift */; };
		0C09EA4E2A1C41250081F357 /* DigimonListResult.swift in Sources */ = {isa = PBXBuildFile; fileRef = 0C09EA4D2A1C41250081F357 /* DigimonListResult.swift */; };
		0CA801F12A2248DF00B25460 /* TesteRouter.swift in Sources */ = {isa = PBXBuildFile; fileRef = 0CA801F02A2248DF00B25460 /* TesteRouter.swift */; };
		0CA801F42A2256F800B25460 /* TesteView.swift in Sources */ = {isa = PBXBuildFile; fileRef = 0CA801F32A2256F800B25460 /* TesteView.swift */; };
		0CA801F72A226C5C00B25460 /* DigimonListTableViewCell.swift in Sources */ = {isa = PBXBuildFile; fileRef = 0CA801F62A226C5C00B25460 /* DigimonListTableViewCell.swift */; };
/* End PBXBuildFile section */

/* Begin PBXFileReference section */
		0C09EA272A1AC16F0081F357 /* DigimonList.app */ = {isa = PBXFileReference; explicitFileType = wrapper.application; includeInIndex = 0; path = DigimonList.app; sourceTree = BUILT_PRODUCTS_DIR; };
		0C09EA2A2A1AC16F0081F357 /* AppDelegate.swift */ = {isa = PBXFileReference; lastKnownFileType = sourcecode.swift; path = AppDelegate.swift; sourceTree = "<group>"; };
		0C09EA2C2A1AC16F0081F357 /* SceneDelegate.swift */ = {isa = PBXFileReference; lastKnownFileType = sourcecode.swift; path = SceneDelegate.swift; sourceTree = "<group>"; };
		0C09EA2E2A1AC16F0081F357 /* TesteViewController.swift */ = {isa = PBXFileReference; lastKnownFileType = sourcecode.swift; path = TesteViewController.swift; sourceTree = "<group>"; };
		0C09EA332A1AC1700081F357 /* Assets.xcassets */ = {isa = PBXFileReference; lastKnownFileType = folder.assetcatalog; path = Assets.xcassets; sourceTree = "<group>"; };
		0C09EA362A1AC1700081F357 /* Base */ = {isa = PBXFileReference; lastKnownFileType = file.storyboard; name = Base; path = Base.lproj/LaunchScreen.storyboard; sourceTree = "<group>"; };
		0C09EA382A1AC1700081F357 /* Info.plist */ = {isa = PBXFileReference; lastKnownFileType = text.plist.xml; path = Info.plist; sourceTree = "<group>"; };
		0C09EA402A1AC1BE0081F357 /* NetworkingInterface.swift */ = {isa = PBXFileReference; lastKnownFileType = sourcecode.swift; path = NetworkingInterface.swift; sourceTree = "<group>"; };
		0C09EA422A1AC34D0081F357 /* Networking.swift */ = {isa = PBXFileReference; lastKnownFileType = sourcecode.swift; path = Networking.swift; sourceTree = "<group>"; };
		0C09EA452A1C2B940081F357 /* URLs.swift */ = {isa = PBXFileReference; lastKnownFileType = sourcecode.swift; path = URLs.swift; sourceTree = "<group>"; };
		0C09EA472A1C36440081F357 /* DigimonListWorker.swift */ = {isa = PBXFileReference; lastKnownFileType = sourcecode.swift; path = DigimonListWorker.swift; sourceTree = "<group>"; };
		0C09EA4B2A1C3EC00081F357 /* Digimon.swift */ = {isa = PBXFileReference; lastKnownFileType = sourcecode.swift; path = Digimon.swift; sourceTree = "<group>"; };
		0C09EA4D2A1C41250081F357 /* DigimonListResult.swift */ = {isa = PBXFileReference; lastKnownFileType = sourcecode.swift; path = DigimonListResult.swift; sourceTree = "<group>"; };
		0CA801F02A2248DF00B25460 /* TesteRouter.swift */ = {isa = PBXFileReference; lastKnownFileType = sourcecode.swift; path = TesteRouter.swift; sourceTree = "<group>"; };
		0CA801F32A2256F800B25460 /* TesteView.swift */ = {isa = PBXFileReference; lastKnownFileType = sourcecode.swift; path = TesteView.swift; sourceTree = "<group>"; };
		0CA801F62A226C5C00B25460 /* DigimonListTableViewCell.swift */ = {isa = PBXFileReference; lastKnownFileType = sourcecode.swift; path = DigimonListTableViewCell.swift; sourceTree = "<group>"; };
/* End PBXFileReference section */

/* Begin PBXFrameworksBuildPhase section */
		0C09EA242A1AC16F0081F357 /* Frameworks */ = {
			isa = PBXFrameworksBuildPhase;
			buildActionMask = 2147483647;
			files = (
			);
			runOnlyForDeploymentPostprocessing = 0;
		};
/* End PBXFrameworksBuildPhase section */

/* Begin PBXGroup section */
		0C09EA1E2A1AC16F0081F357 = {
			isa = PBXGroup;
			children = (
				0C09EA292A1AC16F0081F357 /* DigimonList */,
				0C09EA282A1AC16F0081F357 /* Products */,
			);
			sourceTree = "<group>";
		};
		0C09EA282A1AC16F0081F357 /* Products */ = {
			isa = PBXGroup;
			children = (
				0C09EA272A1AC16F0081F357 /* DigimonList.app */,
			);
			name = Products;
			sourceTree = "<group>";
		};
		0C09EA292A1AC16F0081F357 /* DigimonList */ = {
			isa = PBXGroup;
			children = (
				0C09EA4A2A1C3E440081F357 /* Digimon */,
				0C09EA3E2A1AC18E0081F357 /* Resources */,
				0CA801EF2A2248D100B25460 /* Router */,
				0C09EA492A1C372B0081F357 /* Worker */,
				0C09EA442A1B9E780081F357 /* Service */,
				0C09EA3F2A1AC1A00081F357 /* View */,
				0CA801F22A2256E400B25460 /* Screen */,
				0CA801F52A226C3F00B25460 /* Cell */,
				0C09EA382A1AC1700081F357 /* Info.plist */,
			);
			path = DigimonList;
			sourceTree = "<group>";
		};
		0C09EA3E2A1AC18E0081F357 /* Resources */ = {
			isa = PBXGroup;
			children = (
				0C09EA2A2A1AC16F0081F357 /* AppDelegate.swift */,
				0C09EA2C2A1AC16F0081F357 /* SceneDelegate.swift */,
				0C09EA332A1AC1700081F357 /* Assets.xcassets */,
				0C09EA352A1AC1700081F357 /* LaunchScreen.storyboard */,
			);
			path = Resources;
			sourceTree = "<group>";
		};
		0C09EA3F2A1AC1A00081F357 /* View */ = {
			isa = PBXGroup;
			children = (
				0C09EA2E2A1AC16F0081F357 /* TesteViewController.swift */,
			);
			path = View;
			sourceTree = "<group>";
		};
		0C09EA442A1B9E780081F357 /* Service */ = {
			isa = PBXGroup;
			children = (
				0C09EA402A1AC1BE0081F357 /* NetworkingInterface.swift */,
				0C09EA422A1AC34D0081F357 /* Networking.swift */,
				0C09EA452A1C2B940081F357 /* URLs.swift */,
			);
			path = Service;
			sourceTree = "<group>";
		};
		0C09EA492A1C372B0081F357 /* Worker */ = {
			isa = PBXGroup;
			children = (
				0C09EA472A1C36440081F357 /* DigimonListWorker.swift */,
			);
			path = Worker;
			sourceTree = "<group>";
		};
		0C09EA4A2A1C3E440081F357 /* Digimon */ = {
			isa = PBXGroup;
			children = (
				0C09EA4B2A1C3EC00081F357 /* Digimon.swift */,
				0C09EA4D2A1C41250081F357 /* DigimonListResult.swift */,
			);
			path = Digimon;
			sourceTree = "<group>";
		};
		0CA801EF2A2248D100B25460 /* Router */ = {
			isa = PBXGroup;
			children = (
				0CA801F02A2248DF00B25460 /* TesteRouter.swift */,
			);
			path = Router;
			sourceTree = "<group>";
		};
		0CA801F22A2256E400B25460 /* Screen */ = {
			isa = PBXGroup;
			children = (
				0CA801F32A2256F800B25460 /* TesteView.swift */,
			);
			path = Screen;
			sourceTree = "<group>";
		};
		0CA801F52A226C3F00B25460 /* Cell */ = {
			isa = PBXGroup;
			children = (
				0CA801F62A226C5C00B25460 /* DigimonListTableViewCell.swift */,
			);
			path = Cell;
			sourceTree = "<group>";
		};
/* End PBXGroup section */

/* Begin PBXNativeTarget section */
		0C09EA262A1AC16F0081F357 /* DigimonList */ = {
			isa = PBXNativeTarget;
			buildConfigurationList = 0C09EA3B2A1AC1700081F357 /* Build configuration list for PBXNativeTarget "DigimonList" */;
			buildPhases = (
				0C09EA232A1AC16F0081F357 /* Sources */,
				0C09EA242A1AC16F0081F357 /* Frameworks */,
				0C09EA252A1AC16F0081F357 /* Resources */,
			);
			buildRules = (
			);
			dependencies = (
			);
			name = DigimonList;
			productName = DigimonList;
			productReference = 0C09EA272A1AC16F0081F357 /* DigimonList.app */;
			productType = "com.apple.product-type.application";
		};
/* End PBXNativeTarget section */

/* Begin PBXProject section */
		0C09EA1F2A1AC16F0081F357 /* Project object */ = {
			isa = PBXProject;
			attributes = {
				BuildIndependentTargetsInParallel = 1;
				LastSwiftUpdateCheck = 1420;
				LastUpgradeCheck = 1420;
				TargetAttributes = {
					0C09EA262A1AC16F0081F357 = {
						CreatedOnToolsVersion = 14.2;
					};
				};
			};
			buildConfigurationList = 0C09EA222A1AC16F0081F357 /* Build configuration list for PBXProject "DigimonList" */;
			compatibilityVersion = "Xcode 14.0";
			developmentRegion = en;
			hasScannedForEncodings = 0;
			knownRegions = (
				en,
				Base,
			);
			mainGroup = 0C09EA1E2A1AC16F0081F357;
			productRefGroup = 0C09EA282A1AC16F0081F357 /* Products */;
			projectDirPath = "";
			projectRoot = "";
			targets = (
				0C09EA262A1AC16F0081F357 /* DigimonList */,
			);
		};
/* End PBXProject section */

/* Begin PBXResourcesBuildPhase section */
		0C09EA252A1AC16F0081F357 /* Resources */ = {
			isa = PBXResourcesBuildPhase;
			buildActionMask = 2147483647;
			files = (
				0C09EA372A1AC1700081F357 /* LaunchScreen.storyboard in Resources */,
				0C09EA342A1AC1700081F357 /* Assets.xcassets in Resources */,
			);
			runOnlyForDeploymentPostprocessing = 0;
		};
/* End PBXResourcesBuildPhase section */

/* Begin PBXSourcesBuildPhase section */
		0C09EA232A1AC16F0081F357 /* Sources */ = {
			isa = PBXSourcesBuildPhase;
			buildActionMask = 2147483647;
			files = (
				0C09EA2F2A1AC16F0081F357 /* TesteViewController.swift in Sources */,
				0C09EA482A1C36440081F357 /* DigimonListWorker.swift in Sources */,
				0C09EA462A1C2B940081F357 /* URLs.swift in Sources */,
				0C09EA432A1AC34D0081F357 /* Networking.swift in Sources */,
				0CA801F12A2248DF00B25460 /* TesteRouter.swift in Sources */,
				0C09EA4E2A1C41250081F357 /* DigimonListResult.swift in Sources */,
				0C09EA412A1AC1BE0081F357 /* NetworkingInterface.swift in Sources */,
				0CA801F72A226C5C00B25460 /* DigimonListTableViewCell.swift in Sources */,
				0CA801F42A2256F800B25460 /* TesteView.swift in Sources */,
				0C09EA2B2A1AC16F0081F357 /* AppDelegate.swift in Sources */,
				0C09EA2D2A1AC16F0081F357 /* SceneDelegate.swift in Sources */,
				0C09EA4C2A1C3EC00081F357 /* Digimon.swift in Sources */,
			);
			runOnlyForDeploymentPostprocessing = 0;
		};
/* End PBXSourcesBuildPhase section */

/* Begin PBXVariantGroup section */
		0C09EA352A1AC1700081F357 /* LaunchScreen.storyboard */ = {
			isa = PBXVariantGroup;
			children = (
				0C09EA362A1AC1700081F357 /* Base */,
			);
			name = LaunchScreen.storyboard;
			sourceTree = "<group>";
		};
/* End PBXVariantGroup section */

/* Begin XCBuildConfiguration section */
		0C09EA392A1AC1700081F357 /* Debug */ = {
			isa = XCBuildConfiguration;
			buildSettings = {
				ALWAYS_SEARCH_USER_PATHS = NO;
				CLANG_ANALYZER_NONNULL = YES;
				CLANG_ANALYZER_NUMBER_OBJECT_CONVERSION = YES_AGGRESSIVE;
				CLANG_CXX_LANGUAGE_STANDARD = "gnu++20";
				CLANG_ENABLE_MODULES = YES;
				CLANG_ENABLE_OBJC_ARC = YES;
				CLANG_ENABLE_OBJC_WEAK = YES;
				CLANG_WARN_BLOCK_CAPTURE_AUTORELEASING = YES;
				CLANG_WARN_BOOL_CONVERSION = YES;
				CLANG_WARN_COMMA = YES;
				CLANG_WARN_CONSTANT_CONVERSION = YES;
				CLANG_WARN_DEPRECATED_OBJC_IMPLEMENTATIONS = YES;
				CLANG_WARN_DIRECT_OBJC_ISA_USAGE = YES_ERROR;
				CLANG_WARN_DOCUMENTATION_COMMENTS = YES;
				CLANG_WARN_EMPTY_BODY = YES;
				CLANG_WARN_ENUM_CONVERSION = YES;
				CLANG_WARN_INFINITE_RECURSION = YES;
				CLANG_WARN_INT_CONVERSION = YES;
				CLANG_WARN_NON_LITERAL_NULL_CONVERSION = YES;
				CLANG_WARN_OBJC_IMPLICIT_RETAIN_SELF = YES;
				CLANG_WARN_OBJC_LITERAL_CONVERSION = YES;
				CLANG_WARN_OBJC_ROOT_CLASS = YES_ERROR;
				CLANG_WARN_QUOTED_INCLUDE_IN_FRAMEWORK_HEADER = YES;
				CLANG_WARN_RANGE_LOOP_ANALYSIS = YES;
				CLANG_WARN_STRICT_PROTOTYPES = YES;
				CLANG_WARN_SUSPICIOUS_MOVE = YES;
				CLANG_WARN_UNGUARDED_AVAILABILITY = YES_AGGRESSIVE;
				CLANG_WARN_UNREACHABLE_CODE = YES;
				CLANG_WARN__DUPLICATE_METHOD_MATCH = YES;
				COPY_PHASE_STRIP = NO;
				DEBUG_INFORMATION_FORMAT = dwarf;
				ENABLE_STRICT_OBJC_MSGSEND = YES;
				ENABLE_TESTABILITY = YES;
				GCC_C_LANGUAGE_STANDARD = gnu11;
				GCC_DYNAMIC_NO_PIC = NO;
				GCC_NO_COMMON_BLOCKS = YES;
				GCC_OPTIMIZATION_LEVEL = 0;
				GCC_PREPROCESSOR_DEFINITIONS = (
					"DEBUG=1",
					"$(inherited)",
				);
				GCC_WARN_64_TO_32_BIT_CONVERSION = YES;
				GCC_WARN_ABOUT_RETURN_TYPE = YES_ERROR;
				GCC_WARN_UNDECLARED_SELECTOR = YES;
				GCC_WARN_UNINITIALIZED_AUTOS = YES_AGGRESSIVE;
				GCC_WARN_UNUSED_FUNCTION = YES;
				GCC_WARN_UNUSED_VARIABLE = YES;
				IPHONEOS_DEPLOYMENT_TARGET = 16.2;
				MTL_ENABLE_DEBUG_INFO = INCLUDE_SOURCE;
				MTL_FAST_MATH = YES;
				ONLY_ACTIVE_ARCH = YES;
				SDKROOT = iphoneos;
				SWIFT_ACTIVE_COMPILATION_CONDITIONS = DEBUG;
				SWIFT_OPTIMIZATION_LEVEL = "-Onone";
			};
			name = Debug;
		};
		0C09EA3A2A1AC1700081F357 /* Release */ = {
			isa = XCBuildConfiguration;
			buildSettings = {
				ALWAYS_SEARCH_USER_PATHS = NO;
				CLANG_ANALYZER_NONNULL = YES;
				CLANG_ANALYZER_NUMBER_OBJECT_CONVERSION = YES_AGGRESSIVE;
				CLANG_CXX_LANGUAGE_STANDARD = "gnu++20";
				CLANG_ENABLE_MODULES = YES;
				CLANG_ENABLE_OBJC_ARC = YES;
				CLANG_ENABLE_OBJC_WEAK = YES;
				CLANG_WARN_BLOCK_CAPTURE_AUTORELEASING = YES;
				CLANG_WARN_BOOL_CONVERSION = YES;
				CLANG_WARN_COMMA = YES;
				CLANG_WARN_CONSTANT_CONVERSION = YES;
				CLANG_WARN_DEPRECATED_OBJC_IMPLEMENTATIONS = YES;
				CLANG_WARN_DIRECT_OBJC_ISA_USAGE = YES_ERROR;
				CLANG_WARN_DOCUMENTATION_COMMENTS = YES;
				CLANG_WARN_EMPTY_BODY = YES;
				CLANG_WARN_ENUM_CONVERSION = YES;
				CLANG_WARN_INFINITE_RECURSION = YES;
				CLANG_WARN_INT_CONVERSION = YES;
				CLANG_WARN_NON_LITERAL_NULL_CONVERSION = YES;
				CLANG_WARN_OBJC_IMPLICIT_RETAIN_SELF = YES;
				CLANG_WARN_OBJC_LITERAL_CONVERSION = YES;
				CLANG_WARN_OBJC_ROOT_CLASS = YES_ERROR;
				CLANG_WARN_QUOTED_INCLUDE_IN_FRAMEWORK_HEADER = YES;
				CLANG_WARN_RANGE_LOOP_ANALYSIS = YES;
				CLANG_WARN_STRICT_PROTOTYPES = YES;
				CLANG_WARN_SUSPICIOUS_MOVE = YES;
				CLANG_WARN_UNGUARDED_AVAILABILITY = YES_AGGRESSIVE;
				CLANG_WARN_UNREACHABLE_CODE = YES;
				CLANG_WARN__DUPLICATE_METHOD_MATCH = YES;
				COPY_PHASE_STRIP = NO;
				DEBUG_INFORMATION_FORMAT = "dwarf-with-dsym";
				ENABLE_NS_ASSERTIONS = NO;
				ENABLE_STRICT_OBJC_MSGSEND = YES;
				GCC_C_LANGUAGE_STANDARD = gnu11;
				GCC_NO_COMMON_BLOCKS = YES;
				GCC_WARN_64_TO_32_BIT_CONVERSION = YES;
				GCC_WARN_ABOUT_RETURN_TYPE = YES_ERROR;
				GCC_WARN_UNDECLARED_SELECTOR = YES;
				GCC_WARN_UNINITIALIZED_AUTOS = YES_AGGRESSIVE;
				GCC_WARN_UNUSED_FUNCTION = YES;
				GCC_WARN_UNUSED_VARIABLE = YES;
				IPHONEOS_DEPLOYMENT_TARGET = 16.2;
				MTL_ENABLE_DEBUG_INFO = NO;
				MTL_FAST_MATH = YES;
				SDKROOT = iphoneos;
				SWIFT_COMPILATION_MODE = wholemodule;
				SWIFT_OPTIMIZATION_LEVEL = "-O";
				VALIDATE_PRODUCT = YES;
			};
			name = Release;
		};
		0C09EA3C2A1AC1700081F357 /* Debug */ = {
			isa = XCBuildConfiguration;
			buildSettings = {
				ASSETCATALOG_COMPILER_APPICON_NAME = AppIcon;
				ASSETCATALOG_COMPILER_GLOBAL_ACCENT_COLOR_NAME = AccentColor;
				CODE_SIGN_STYLE = Automatic;
				CURRENT_PROJECT_VERSION = 1;
				DEVELOPMENT_TEAM = 3VBUNQGGTT;
				GENERATE_INFOPLIST_FILE = YES;
				INFOPLIST_FILE = DigimonList/Info.plist;
				INFOPLIST_KEY_UIApplicationSupportsIndirectInputEvents = YES;
				INFOPLIST_KEY_UILaunchStoryboardName = LaunchScreen;
				INFOPLIST_KEY_UIMainStoryboardFile = "";
				INFOPLIST_KEY_UISupportedInterfaceOrientations_iPad = "UIInterfaceOrientationPortrait UIInterfaceOrientationPortraitUpsideDown UIInterfaceOrientationLandscapeLeft UIInterfaceOrientationLandscapeRight";
				INFOPLIST_KEY_UISupportedInterfaceOrientations_iPhone = "UIInterfaceOrientationPortrait UIInterfaceOrientationLandscapeLeft UIInterfaceOrientationLandscapeRight";
				LD_RUNPATH_SEARCH_PATHS = (
					"$(inherited)",
					"@executable_path/Frameworks",
				);
				MARKETING_VERSION = 1.0;
				PRODUCT_BUNDLE_IDENTIFIER = a.DigimonList;
				PRODUCT_NAME = "$(TARGET_NAME)";
				SWIFT_EMIT_LOC_STRINGS = YES;
				SWIFT_VERSION = 5.0;
				TARGETED_DEVICE_FAMILY = "1,2";
			};
			name = Debug;
		};
		0C09EA3D2A1AC1700081F357 /* Release */ = {
			isa = XCBuildConfiguration;
			buildSettings = {
				ASSETCATALOG_COMPILER_APPICON_NAME = AppIcon;
				ASSETCATALOG_COMPILER_GLOBAL_ACCENT_COLOR_NAME = AccentColor;
				CODE_SIGN_STYLE = Automatic;
				CURRENT_PROJECT_VERSION = 1;
				DEVELOPMENT_TEAM = 3VBUNQGGTT;
				GENERATE_INFOPLIST_FILE = YES;
				INFOPLIST_FILE = DigimonList/Info.plist;
				INFOPLIST_KEY_UIApplicationSupportsIndirectInputEvents = YES;
				INFOPLIST_KEY_UILaunchStoryboardName = LaunchScreen;
				INFOPLIST_KEY_UIMainStoryboardFile = "";
				INFOPLIST_KEY_UISupportedInterfaceOrientations_iPad = "UIInterfaceOrientationPortrait UIInterfaceOrientationPortraitUpsideDown UIInterfaceOrientationLandscapeLeft UIInterfaceOrientationLandscapeRight";
				INFOPLIST_KEY_UISupportedInterfaceOrientations_iPhone = "UIInterfaceOrientationPortrait UIInterfaceOrientationLandscapeLeft UIInterfaceOrientationLandscapeRight";
				LD_RUNPATH_SEARCH_PATHS = (
					"$(inherited)",
					"@executable_path/Frameworks",
				);
				MARKETING_VERSION = 1.0;
				PRODUCT_BUNDLE_IDENTIFIER = a.DigimonList;
				PRODUCT_NAME = "$(TARGET_NAME)";
				SWIFT_EMIT_LOC_STRINGS = YES;
				SWIFT_VERSION = 5.0;
				TARGETED_DEVICE_FAMILY = "1,2";
			};
			name = Release;
		};
/* End XCBuildConfiguration section */

/* Begin XCConfigurationList section */
		0C09EA222A1AC16F0081F357 /* Build configuration list for PBXProject "DigimonList" */ = {
			isa = XCConfigurationList;
			buildConfigurations = (
				0C09EA392A1AC1700081F357 /* Debug */,
				0C09EA3A2A1AC1700081F357 /* Release */,
			);
			defaultConfigurationIsVisible = 0;
			defaultConfigurationName = Release;
		};
		0C09EA3B2A1AC1700081F357 /* Build configuration list for PBXNativeTarget "DigimonList" */ = {
			isa = XCConfigurationList;
			buildConfigurations = (
				0C09EA3C2A1AC1700081F357 /* Debug */,
				0C09EA3D2A1AC1700081F357 /* Release */,
			);
			defaultConfigurationIsVisible = 0;
			defaultConfigurationName = Release;
		};
/* End XCConfigurationList section */
	};
	rootObject = 0C09EA1F2A1AC16F0081F357 /* Project object */;
}
